
Microsoft Visual Studio Solution File, Format Version 12.00
# Visual Studio Version 16
VisualStudioVersion = 16.0.31129.286
MinimumVisualStudioVersion = 10.0.40219.1
Project("{FAE04EC0-301F-11D3-BF4B-00C04F79EFBC}") = "Delivery", "Delivery.csproj", "{C1D4143E-72E9-4A8E-9D94-232BE72FEB66}"
EndProject
Project("{FAE04EC0-301F-11D3-BF4B-00C04F79EFBC}") = "Graphic_Dilivery", "Graphic_Dilivery\Graphic_Dilivery.csproj", "{15788D86-B125-4393-9870-FE2487FBD2E7}"
EndProject
Project("{FAE04EC0-301F-11D3-BF4B-00C04F79EFBC}") = "DeliveryTests", "DeliveryTests\DeliveryTests.csproj", "{9AD20B68-4D2A-45D7-9A10-9ADB0EAB1AE6}"
EndProject
Global
	GlobalSection(SolutionConfigurationPlatforms) = preSolution
		Debug|Any CPU = Debug|Any CPU
		Release|Any CPU = Release|Any CPU
	EndGlobalSection
	GlobalSection(ProjectConfigurationPlatforms) = postSolution
		{C1D4143E-72E9-4A8E-9D94-232BE72FEB66}.Debug|Any CPU.ActiveCfg = Debug|Any CPU
		{C1D4143E-72E9-4A8E-9D94-232BE72FEB66}.Debug|Any CPU.Build.0 = Debug|Any CPU
		{C1D4143E-72E9-4A8E-9D94-232BE72FEB66}.Release|Any CPU.ActiveCfg = Release|Any CPU
		{C1D4143E-72E9-4A8E-9D94-232BE72FEB66}.Release|Any CPU.Build.0 = Release|Any CPU
		{15788D86-B125-4393-9870-FE2487FBD2E7}.Debug|Any CPU.ActiveCfg = Debug|Any CPU
		{15788D86-B125-4393-9870-FE2487FBD2E7}.Debug|Any CPU.Build.0 = Debug|Any CPU
		{15788D86-B125-4393-9870-FE2487FBD2E7}.Release|Any CPU.ActiveCfg = Release|Any CPU
		{15788D86-B125-4393-9870-FE2487FBD2E7}.Release|Any CPU.Build.0 = Release|Any CPU
		{9AD20B68-4D2A-45D7-9A10-9ADB0EAB1AE6}.Debug|Any CPU.ActiveCfg = Debug|Any CPU
		{9AD20B68-4D2A-45D7-9A10-9ADB0EAB1AE6}.Debug|Any CPU.Build.0 = Debug|Any CPU
		{9AD20B68-4D2A-45D7-9A10-9ADB0EAB1AE6}.Release|Any CPU.ActiveCfg = Release|Any CPU
		{9AD20B68-4D2A-45D7-9A10-9ADB0EAB1AE6}.Release|Any CPU.Build.0 = Release|Any CPU
	EndGlobalSection
	GlobalSection(SolutionProperties) = preSolution
		HideSolutionNode = FALSE
	EndGlobalSection
	GlobalSection(ExtensibilityGlobals) = postSolution
		SolutionGuid = {59CAD4A3-4CA6-435E-AA68-EFE307E925AB}
	EndGlobalSection
EndGlobal
